
Microsoft Visual Studio Solution File, Format Version 12.00
# Visual Studio Version 17
VisualStudioVersion = 17.1.32407.343
MinimumVisualStudioVersion = 10.0.40219.1
Project("{FAE04EC0-301F-11D3-BF4B-00C04F79EFBC}") = "DiagramDesigner", "DiagramDesigner.csproj", "{8B6799B5-FD5B-4430-B89D-11B02F6C6F0F}"
EndProject
Global
	GlobalSection(SolutionConfigurationPlatforms) = preSolution
		Debug|Any CPU = Debug|Any CPU
		Release|Any CPU = Release|Any CPU
	EndGlobalSection
	GlobalSection(ProjectConfigurationPlatforms) = postSolution
		{8B6799B5-FD5B-4430-B89D-11B02F6C6F0F}.Debug|Any CPU.ActiveCfg = Debug|Any CPU
		{8B6799B5-FD5B-4430-B89D-11B02F6C6F0F}.Debug|Any CPU.Build.0 = Debug|Any CPU
		{8B6799B5-FD5B-4430-B89D-11B02F6C6F0F}.Release|Any CPU.ActiveCfg = Release|Any CPU
		{8B6799B5-FD5B-4430-B89D-11B02F6C6F0F}.Release|Any CPU.Build.0 = Release|Any CPU
	EndGlobalSection
	GlobalSection(SolutionProperties) = preSolution
		HideSolutionNode = FALSE
	EndGlobalSection
	GlobalSection(ExtensibilityGlobals) = postSolution
		SolutionGuid = {D178DB58-FD4E-411A-AF71-732A8C58A3CA}
	EndGlobalSection
EndGlobal
